%{
  "bunt": {:hex, :bunt, "0.2.0", "951c6e801e8b1d2cbe58ebbd3e616a869061ddadcc4863d0a2182541acae9a38", [:mix], [], "hexpm"},
  "certifi": {:hex, :certifi, "2.0.0", "a0c0e475107135f76b8c1d5bc7efb33cd3815cb3cf3dea7aefdd174dabead064", [:rebar3], [], "hexpm"},
  "credo": {:hex, :credo, "0.8.10", "261862bb7363247762e1063713bb85df2bbd84af8d8610d1272cd9c1943bba63", [:mix], [{:bunt, "~> 0.2.0", [hex: :bunt, repo: "hexpm", optional: false]}], "hexpm"},
  "dialyxir": {:hex, :dialyxir, "0.5.1", "b331b091720fd93e878137add264bac4f644e1ddae07a70bf7062c7862c4b952", [:mix], [], "hexpm"},
  "earmark": {:hex, :earmark, "1.2.4", "99b637c62a4d65a20a9fb674b8cffb8baa771c04605a80c911c4418c69b75439", [:mix], [], "hexpm"},
  "ex_doc": {:hex, :ex_doc, "0.18.3", "f4b0e4a2ec6f333dccf761838a4b253d75e11f714b85ae271c9ae361367897b7", [:mix], [{:earmark, "~> 1.1", [hex: :earmark, repo: "hexpm", optional: false]}], "hexpm"},
  "excoveralls": {:hex, :excoveralls, "0.8.1", "0bbf67f22c7dbf7503981d21a5eef5db8bbc3cb86e70d3798e8c802c74fa5e27", [:mix], [{:exjsx, ">= 3.0.0", [hex: :exjsx, repo: "hexpm", optional: false]}, {:hackney, ">= 0.12.0", [hex: :hackney, repo: "hexpm", optional: false]}], "hexpm"},
  "exjsx": {:hex, :exjsx, "4.0.0", "60548841e0212df401e38e63c0078ec57b33e7ea49b032c796ccad8cde794b5c", [:mix], [{:jsx, "~> 2.8.0", [hex: :jsx, repo: "hexpm", optional: false]}], "hexpm"},
  "hackney": {:hex, :hackney, "1.11.0", "4951ee019df102492dabba66a09e305f61919a8a183a7860236c0fde586134b6", [:rebar3], [{:certifi, "2.0.0", [hex: :certifi, repo: "hexpm", optional: false]}, {:idna, "5.1.0", [hex: :idna, repo: "hexpm", optional: false]}, {:metrics, "1.0.1", [hex: :metrics, repo: "hexpm", optional: false]}, {:mimerl, "1.0.2", [hex: :mimerl, repo: "hexpm", optional: false]}, {:ssl_verify_fun, "1.1.1", [hex: :ssl_verify_fun, repo: "hexpm", optional: false]}], "hexpm"},
  "idna": {:hex, :idna, "5.1.0", "d72b4effeb324ad5da3cab1767cb16b17939004e789d8c0ad5b70f3cea20c89a", [:rebar3], [{:unicode_util_compat, "0.3.1", [hex: :unicode_util_compat, repo: "hexpm", optional: false]}], "hexpm"},
  "jsx": {:hex, :jsx, "2.8.3", "a05252d381885240744d955fbe3cf810504eb2567164824e19303ea59eef62cf", [:mix, :rebar3], [], "hexpm"},
  "junit_formatter": {:hex, :junit_formatter, "2.1.0", "ff03d2bbe9a67041f2488d8e72180ddcf4dff9e9c8a39b79eac9828fcb9e9bbf", [:mix], [], "hexpm"},
  "meck": {:hex, :meck, "0.8.9", "64c5c0bd8bcca3a180b44196265c8ed7594e16bcc845d0698ec6b4e577f48188", [:rebar3], [], "hexpm"},
  "metrics": {:hex, :metrics, "1.0.1", "25f094dea2cda98213cecc3aeff09e940299d950904393b2a29d191c346a8486", [:rebar3], [], "hexpm"},
  "mimerl": {:hex, :mimerl, "1.0.2", "993f9b0e084083405ed8252b99460c4f0563e41729ab42d9074fd5e52439be88", [:rebar3], [], "hexpm"},
  "mock": {:hex, :mock, "0.2.1", "bfdba786903e77f9c18772dee472d020ceb8ef000783e737725a4c8f54ad28ec", [:mix], [{:meck, "~> 0.8.2", [hex: :meck, repo: "hexpm", optional: false]}], "hexpm"},
  "ssh_client_key_api": {:hex, :ssh_client_key_api, "0.1.1", "eb191625fdca68fc2740de44820e124748d9e27fb75fc85a6f1653371bf9b4ba", [:mix], [], "hexpm"},
  "sshkit": {:hex, :sshkit, "0.0.3", "b0d7c3e0a5caed69304ccbc1c97ab0b1fe82a26f0d21ba2a26b52868f834ab5a", [:mix], [], "hexpm"},
  "ssl_verify_fun": {:hex, :ssl_verify_fun, "1.1.1", "28a4d65b7f59893bc2c7de786dec1e1555bd742d336043fe644ae956c3497fbe", [:make, :rebar], [], "hexpm"},
  "temp": {:hex, :temp, "0.4.4", "da4524a102db9431f96b2b244777017eb077df3db344957cd1d10705feb25337", [:mix], [], "hexpm"},
  "unicode_util_compat": {:hex, :unicode_util_compat, "0.3.1", "a1f612a7b512638634a603c8f401892afbf99b8ce93a45041f8aaca99cadb85e", [:rebar3], [], "hexpm"},
}
