%{"bunt": {:hex, :bunt, "0.2.0", "951c6e801e8b1d2cbe58ebbd3e616a869061ddadcc4863d0a2182541acae9a38", [:mix], []},
  "credo": {:hex, :credo, "0.7.2", "850463f126c09227994967fdcf8b8ad7684ab220f7727c00bcafc0ac37bd3660", [:mix], [{:bunt, "~> 0.2.0", [hex: :bunt, optional: false]}]},
  "sshkit": {:git, "https://github.com/labzero/sshkit.ex.git", "c5aaa4d8a85591f9747067790337ccdb884931a5", []}}
